{
  "version": 4,
  "terraform_version": "0.13.3",
  "serial": 21,
  "lineage": "301b3274-f334-b5c5-de46-db3d0b115f39",
  "outputs": {
    "aks_subnet_id": {
      "value": "/subscriptions/40545cc3-81f4-42c9-953d-67534438918e/resourceGroups/cngbb-rg-r04k/providers/Microsoft.Network/virtualNetworks/AksDemoVnetr04k/subnets/AKSSubnet",
      "type": "string"
    },
    "resource_group": {
      "value": {
        "id": "/subscriptions/40545cc3-81f4-42c9-953d-67534438918e/resourceGroups/cngbb-rg-r04k",
        "location": "eastus",
        "name": "cngbb-rg-r04k",
        "tags": null,
        "timeouts": null
      },
      "type": [
        "object",
        {
          "id": "string",
          "location": "string",
          "name": "string",
          "tags": [
            "map",
            "string"
          ],
          "timeouts": [
            "object",
            {
              "create": "string",
              "delete": "string",
              "read": "string",
              "update": "string"
            }
          ]
        }
      ]
    }
  },
  "resources": [
    {
      "mode": "managed",
      "type": "azurerm_container_registry",
      "name": "acr",
      "provider": "provider[\"registry.terraform.io/hashicorp/azurerm\"]",
      "instances": [
        {
          "schema_version": 2,
          "attributes": {
            "admin_enabled": false,
            "admin_password": "",
            "admin_username": "",
            "georeplication_locations": null,
            "id": "/subscriptions/40545cc3-81f4-42c9-953d-67534438918e/resourceGroups/cngbb-rg-r04k/providers/Microsoft.ContainerRegistry/registries/cngbbacrr04k",
            "location": "eastus",
            "login_server": "cngbbacrr04k.azurecr.io",
            "name": "cngbbacrr04k",
            "network_rule_set": [
              {
                "default_action": "Deny",
                "ip_rule": null,
                "virtual_network": [
                  {
                    "action": "Allow",
                    "subnet_id": "/subscriptions/40545cc3-81f4-42c9-953d-67534438918e/resourceGroups/cngbb-rg-r04k/providers/Microsoft.Network/virtualNetworks/AksDemoVnetr04k/subnets/ACRSubnet"
                  }
                ]
              }
            ],
            "resource_group_name": "cngbb-rg-r04k",
            "sku": "Premium",
            "storage_account_id": null,
            "tags": null,
            "timeouts": null
          },
          "private": "eyJlMmJmYjczMC1lY2FhLTExZTYtOGY4OC0zNDM2M2JjN2M0YzAiOnsiY3JlYXRlIjoxODAwMDAwMDAwMDAwLCJkZWxldGUiOjE4MDAwMDAwMDAwMDAsInJlYWQiOjMwMDAwMDAwMDAwMCwidXBkYXRlIjoxODAwMDAwMDAwMDAwfSwic2NoZW1hX3ZlcnNpb24iOiIyIn0=",
          "dependencies": [
            "azurerm_resource_group.aks",
            "azurerm_subnet.acr",
            "azurerm_virtual_network.aks",
            "random_string.prefix",
            "random_string.suffix"
          ]
        }
      ]
    },
    {
      "mode": "managed",
      "type": "azurerm_firewall",
      "name": "aks",
      "provider": "provider[\"registry.terraform.io/hashicorp/azurerm\"]",
      "instances": [
        {
          "schema_version": 0,
          "attributes": {
            "id": "/subscriptions/40545cc3-81f4-42c9-953d-67534438918e/resourceGroups/cngbb-rg-r04k/providers/Microsoft.Network/azureFirewalls/azfw-r04k",
            "ip_configuration": [
              {
                "name": "primary",
                "private_ip_address": "10.0.0.4",
                "public_ip_address_id": "/subscriptions/40545cc3-81f4-42c9-953d-67534438918e/resourceGroups/cngbb-rg-r04k/providers/Microsoft.Network/publicIPAddresses/pip-fw-r04k",
                "subnet_id": "/subscriptions/40545cc3-81f4-42c9-953d-67534438918e/resourceGroups/cngbb-rg-r04k/providers/Microsoft.Network/virtualNetworks/AksDemoVnetr04k/subnets/AzureFirewallSubnet"
              }
            ],
            "location": "eastus",
            "name": "azfw-r04k",
            "resource_group_name": "cngbb-rg-r04k",
            "tags": null,
            "threat_intel_mode": "Alert",
            "timeouts": null,
            "zones": null
          },
          "private": "eyJlMmJmYjczMC1lY2FhLTExZTYtOGY4OC0zNDM2M2JjN2M0YzAiOnsiY3JlYXRlIjo1NDAwMDAwMDAwMDAwLCJkZWxldGUiOjU0MDAwMDAwMDAwMDAsInJlYWQiOjMwMDAwMDAwMDAwMCwidXBkYXRlIjo1NDAwMDAwMDAwMDAwfX0=",
          "dependencies": [
            "azurerm_public_ip.firewall",
            "azurerm_resource_group.aks",
            "azurerm_subnet.firewall",
            "azurerm_virtual_network.aks",
            "random_string.prefix",
            "random_string.suffix"
          ]
        }
      ]
    },
    {
      "mode": "managed",
      "type": "azurerm_firewall_application_rule_collection",
      "name": "aks",
      "provider": "provider[\"registry.terraform.io/hashicorp/azurerm\"]",
      "instances": [
        {
          "schema_version": 0,
          "attributes": {
            "action": "Allow",
            "azure_firewall_name": "azfw-r04k",
            "id": "/subscriptions/40545cc3-81f4-42c9-953d-67534438918e/resourceGroups/cngbb-rg-r04k/providers/Microsoft.Network/azureFirewalls/azfw-r04k/applicationRuleCollections/aksRequiredRulesr04k",
            "name": "aksRequiredRulesr04k",
            "priority": 100,
            "resource_group_name": "cngbb-rg-r04k",
            "rule": [
              {
                "description": "",
                "fqdn_tags": null,
                "name": "updateInfraRules",
                "protocol": [
                  {
                    "port": 443,
                    "type": "Https"
                  }
                ],
                "source_addresses": [
                  "10.0.0.0/16"
                ],
                "target_fqdns": [
                  "*.cdn.mcr.io",
                  "*.data.mcr.microsoft.com",
                  "*.hcp.eastus.azmk8s.io",
                  "acs-mirror.azureedge.net",
                  "login.microsoftonline.com",
                  "management.azure.com",
                  "mcr.microsoft.com",
                  "packages.microsoft.com"
                ]
              }
            ],
            "timeouts": null
          },
          "private": "eyJlMmJmYjczMC1lY2FhLTExZTYtOGY4OC0zNDM2M2JjN2M0YzAiOnsiY3JlYXRlIjoxODAwMDAwMDAwMDAwLCJkZWxldGUiOjE4MDAwMDAwMDAwMDAsInJlYWQiOjMwMDAwMDAwMDAwMCwidXBkYXRlIjoxODAwMDAwMDAwMDAwfX0=",
          "dependencies": [
            "azurerm_firewall.aks",
            "azurerm_public_ip.firewall",
            "azurerm_resource_group.aks",
            "azurerm_subnet.firewall",
            "azurerm_virtual_network.aks",
            "random_string.prefix",
            "random_string.suffix"
          ]
        }
      ]
    },
    {
      "mode": "managed",
      "type": "azurerm_firewall_application_rule_collection",
      "name": "azureMonitor",
      "provider": "provider[\"registry.terraform.io/hashicorp/azurerm\"]",
      "instances": [
        {
          "schema_version": 0,
          "attributes": {
            "action": "Allow",
            "azure_firewall_name": "azfw-r04k",
            "id": "/subscriptions/40545cc3-81f4-42c9-953d-67534438918e/resourceGroups/cngbb-rg-r04k/providers/Microsoft.Network/azureFirewalls/azfw-r04k/applicationRuleCollections/azureMonitorRequiredRulesr04k",
            "name": "azureMonitorRequiredRulesr04k",
            "priority": 110,
            "resource_group_name": "cngbb-rg-r04k",
            "rule": [
              {
                "description": "",
                "fqdn_tags": null,
                "name": "azureMonitorRules",
                "protocol": [
                  {
                    "port": 443,
                    "type": "Https"
                  }
                ],
                "source_addresses": [
                  "10.0.0.0/16"
                ],
                "target_fqdns": [
                  "*.monitoring.azure.com",
                  "*.ods.opinsights.azure.com",
                  "*.oms.opinsights.azure.com",
                  "dc.services.visualstudio.com"
                ]
              }
            ],
            "timeouts": null
          },
          "private": "eyJlMmJmYjczMC1lY2FhLTExZTYtOGY4OC0zNDM2M2JjN2M0YzAiOnsiY3JlYXRlIjoxODAwMDAwMDAwMDAwLCJkZWxldGUiOjE4MDAwMDAwMDAwMDAsInJlYWQiOjMwMDAwMDAwMDAwMCwidXBkYXRlIjoxODAwMDAwMDAwMDAwfX0=",
          "dependencies": [
            "azurerm_firewall.aks",
            "azurerm_public_ip.firewall",
            "azurerm_resource_group.aks",
            "azurerm_subnet.firewall",
            "azurerm_virtual_network.aks",
            "random_string.prefix",
            "random_string.suffix"
          ]
        }
      ]
    },
    {
      "mode": "managed",
      "type": "azurerm_firewall_application_rule_collection",
      "name": "updates",
      "provider": "provider[\"registry.terraform.io/hashicorp/azurerm\"]",
      "instances": [
        {
          "schema_version": 0,
          "attributes": {
            "action": "Allow",
            "azure_firewall_name": "azfw-r04k",
            "id": "/subscriptions/40545cc3-81f4-42c9-953d-67534438918e/resourceGroups/cngbb-rg-r04k/providers/Microsoft.Network/azureFirewalls/azfw-r04k/applicationRuleCollections/ubuntuUpdateInfrastructurer04k",
            "name": "ubuntuUpdateInfrastructurer04k",
            "priority": 300,
            "resource_group_name": "cngbb-rg-r04k",
            "rule": [
              {
                "description": "",
                "fqdn_tags": null,
                "name": "updateInfraRules",
                "protocol": [
                  {
                    "port": 443,
                    "type": "Https"
                  },
                  {
                    "port": 80,
                    "type": "Http"
                  }
                ],
                "source_addresses": [
                  "10.0.0.0/16"
                ],
                "target_fqdns": [
                  "azure.archive.ubuntu.com",
                  "changelogs.ubuntu.com",
                  "keyserver.ubuntu.com",
                  "launchpad.net",
                  "ppa.launchpad.net",
                  "security.ubuntu.com"
                ]
              }
            ],
            "timeouts": null
          },
          "private": "eyJlMmJmYjczMC1lY2FhLTExZTYtOGY4OC0zNDM2M2JjN2M0YzAiOnsiY3JlYXRlIjoxODAwMDAwMDAwMDAwLCJkZWxldGUiOjE4MDAwMDAwMDAwMDAsInJlYWQiOjMwMDAwMDAwMDAwMCwidXBkYXRlIjoxODAwMDAwMDAwMDAwfX0=",
          "dependencies": [
            "azurerm_firewall.aks",
            "azurerm_public_ip.firewall",
            "azurerm_resource_group.aks",
            "azurerm_subnet.firewall",
            "azurerm_virtual_network.aks",
            "random_string.prefix",
            "random_string.suffix"
          ]
        }
      ]
    },
    {
      "mode": "managed",
      "type": "azurerm_firewall_network_rule_collection",
      "name": "ntp",
      "provider": "provider[\"registry.terraform.io/hashicorp/azurerm\"]",
      "instances": [
        {
          "schema_version": 0,
          "attributes": {
            "action": "Allow",
            "azure_firewall_name": "azfw-r04k",
            "id": "/subscriptions/40545cc3-81f4-42c9-953d-67534438918e/resourceGroups/cngbb-rg-r04k/providers/Microsoft.Network/azureFirewalls/azfw-r04k/networkRuleCollections/ntpRuler04k",
            "name": "ntpRuler04k",
            "priority": 200,
            "resource_group_name": "cngbb-rg-r04k",
            "rule": [
              {
                "description": "",
                "destination_addresses": [
                  "*"
                ],
                "destination_ports": [
                  "123"
                ],
                "name": "ubuntuNTP",
                "protocols": [
                  "UDP"
                ],
                "source_addresses": [
                  "10.0.16.0/22"
                ]
              }
            ],
            "timeouts": null
          },
          "private": "eyJlMmJmYjczMC1lY2FhLTExZTYtOGY4OC0zNDM2M2JjN2M0YzAiOnsiY3JlYXRlIjoxODAwMDAwMDAwMDAwLCJkZWxldGUiOjE4MDAwMDAwMDAwMDAsInJlYWQiOjMwMDAwMDAwMDAwMCwidXBkYXRlIjoxODAwMDAwMDAwMDAwfX0=",
          "dependencies": [
            "azurerm_firewall.aks",
            "azurerm_public_ip.firewall",
            "azurerm_resource_group.aks",
            "azurerm_subnet.aks",
            "azurerm_subnet.firewall",
            "azurerm_virtual_network.aks",
            "random_string.prefix",
            "random_string.suffix"
          ]
        }
      ]
    },
    {
      "mode": "managed",
      "type": "azurerm_private_dns_zone",
      "name": "acr",
      "provider": "provider[\"registry.terraform.io/hashicorp/azurerm\"]",
      "instances": [
        {
          "schema_version": 0,
          "attributes": {
            "id": "/subscriptions/40545cc3-81f4-42c9-953d-67534438918e/resourceGroups/cngbb-rg-r04k/providers/Microsoft.Network/privateDnsZones/privatelink.azurecr.io",
            "max_number_of_record_sets": 25000,
            "max_number_of_virtual_network_links": 1000,
            "max_number_of_virtual_network_links_with_registration": 100,
            "name": "privatelink.azurecr.io",
            "number_of_record_sets": 1,
            "resource_group_name": "cngbb-rg-r04k",
            "tags": null,
            "timeouts": null
          },
          "private": "eyJlMmJmYjczMC1lY2FhLTExZTYtOGY4OC0zNDM2M2JjN2M0YzAiOnsiY3JlYXRlIjoxODAwMDAwMDAwMDAwLCJkZWxldGUiOjE4MDAwMDAwMDAwMDAsInJlYWQiOjMwMDAwMDAwMDAwMCwidXBkYXRlIjoxODAwMDAwMDAwMDAwfX0=",
          "dependencies": [
            "azurerm_resource_group.aks",
            "random_string.suffix"
          ]
        }
      ]
    },
    {
      "mode": "managed",
      "type": "azurerm_private_dns_zone_virtual_network_link",
      "name": "acr",
      "provider": "provider[\"registry.terraform.io/hashicorp/azurerm\"]",
      "instances": [
        {
          "schema_version": 0,
          "attributes": {
            "id": "/subscriptions/40545cc3-81f4-42c9-953d-67534438918e/resourceGroups/cngbb-rg-r04k/providers/Microsoft.Network/privateDnsZones/privatelink.azurecr.io/virtualNetworkLinks/acrprivdnslink",
            "name": "acrprivdnslink",
            "private_dns_zone_name": "privatelink.azurecr.io",
            "registration_enabled": false,
            "resource_group_name": "cngbb-rg-r04k",
            "tags": null,
            "timeouts": null,
            "virtual_network_id": "/subscriptions/40545cc3-81f4-42c9-953d-67534438918e/resourceGroups/cngbb-rg-r04k/providers/Microsoft.Network/virtualNetworks/AksDemoVnetr04k"
          },
          "private": "eyJlMmJmYjczMC1lY2FhLTExZTYtOGY4OC0zNDM2M2JjN2M0YzAiOnsiY3JlYXRlIjoxODAwMDAwMDAwMDAwLCJkZWxldGUiOjE4MDAwMDAwMDAwMDAsInJlYWQiOjMwMDAwMDAwMDAwMCwidXBkYXRlIjoxODAwMDAwMDAwMDAwfX0=",
          "dependencies": [
            "azurerm_private_dns_zone.acr",
            "azurerm_resource_group.aks",
            "azurerm_virtual_network.aks",
            "random_string.suffix"
          ]
        }
      ]
    },
    {
      "mode": "managed",
      "type": "azurerm_private_endpoint",
      "name": "acr",
      "provider": "provider[\"registry.terraform.io/hashicorp/azurerm\"]",
      "instances": [
        {
          "schema_version": 0,
          "attributes": {
            "custom_dns_configs": [],
            "id": "/subscriptions/40545cc3-81f4-42c9-953d-67534438918e/resourceGroups/cngbb-rg-r04k/providers/Microsoft.Network/privateEndpoints/acr-endpoint",
            "location": "eastus",
            "name": "acr-endpoint",
            "private_dns_zone_configs": [
              {
                "id": "/subscriptions/40545cc3-81f4-42c9-953d-67534438918e/resourceGroups/cngbb-rg-r04k/providers/Microsoft.Network/privateEndpoints/acr-endpoint/privateDnsZoneGroups/acr/privateDnsZoneConfigs/privatelink.azurecr.io",
                "name": "privatelink.azurecr.io",
                "private_dns_zone_id": "/subscriptions/40545cc3-81f4-42c9-953d-67534438918e/resourceGroups/cngbb-rg-r04k/providers/Microsoft.Network/privateDnsZones/privatelink.azurecr.io",
                "record_sets": [
                  {
                    "fqdn": "cngbbacrr04k.eastus.data.privatelink.azurecr.io",
                    "ip_addresses": [
                      "10.0.0.68"
                    ],
                    "name": "cngbbacrr04k.eastus.data",
                    "ttl": 10,
                    "type": "A"
                  },
                  {
                    "fqdn": "cngbbacrr04k.privatelink.azurecr.io",
                    "ip_addresses": [
                      "10.0.0.69"
                    ],
                    "name": "cngbbacrr04k",
                    "ttl": 10,
                    "type": "A"
                  }
                ]
              }
            ],
            "private_dns_zone_group": [
              {
                "id": "/subscriptions/40545cc3-81f4-42c9-953d-67534438918e/resourceGroups/cngbb-rg-r04k/providers/Microsoft.Network/privateEndpoints/acr-endpoint/privateDnsZoneGroups/acr",
                "name": "acr",
                "private_dns_zone_ids": [
                  "/subscriptions/40545cc3-81f4-42c9-953d-67534438918e/resourceGroups/cngbb-rg-r04k/providers/Microsoft.Network/privateDnsZones/privatelink.azurecr.io"
                ]
              }
            ],
            "private_service_connection": [
              {
                "is_manual_connection": false,
                "name": "acr-privateserviceconnection",
                "private_connection_resource_id": "/subscriptions/40545cc3-81f4-42c9-953d-67534438918e/resourceGroups/cngbb-rg-r04k/providers/Microsoft.ContainerRegistry/registries/cngbbacrr04k",
                "private_ip_address": "10.0.0.68",
                "request_message": "",
                "subresource_names": [
                  "registry"
                ]
              }
            ],
            "resource_group_name": "cngbb-rg-r04k",
            "subnet_id": "/subscriptions/40545cc3-81f4-42c9-953d-67534438918e/resourceGroups/cngbb-rg-r04k/providers/Microsoft.Network/virtualNetworks/AksDemoVnetr04k/subnets/ACRSubnet",
            "tags": null,
            "timeouts": null
          },
          "private": "eyJlMmJmYjczMC1lY2FhLTExZTYtOGY4OC0zNDM2M2JjN2M0YzAiOnsiY3JlYXRlIjozNjAwMDAwMDAwMDAwLCJkZWxldGUiOjM2MDAwMDAwMDAwMDAsInJlYWQiOjMwMDAwMDAwMDAwMCwidXBkYXRlIjozNjAwMDAwMDAwMDAwfX0=",
          "dependencies": [
            "azurerm_container_registry.acr",
            "azurerm_private_dns_zone.acr",
            "azurerm_resource_group.aks",
            "azurerm_subnet.acr",
            "azurerm_virtual_network.aks",
            "random_string.prefix",
            "random_string.suffix"
          ]
        }
      ]
    },
    {
      "mode": "managed",
      "type": "azurerm_public_ip",
      "name": "firewall",
      "provider": "provider[\"registry.terraform.io/hashicorp/azurerm\"]",
      "instances": [
        {
          "schema_version": 0,
          "attributes": {
            "allocation_method": "Static",
            "domain_name_label": "cngbb-pip-r04k",
            "fqdn": "cngbb-pip-r04k.eastus.cloudapp.azure.com",
            "id": "/subscriptions/40545cc3-81f4-42c9-953d-67534438918e/resourceGroups/cngbb-rg-r04k/providers/Microsoft.Network/publicIPAddresses/pip-fw-r04k",
            "idle_timeout_in_minutes": 4,
            "ip_address": "52.188.43.40",
            "ip_version": "IPv4",
            "location": "eastus",
            "name": "pip-fw-r04k",
            "public_ip_prefix_id": null,
            "resource_group_name": "cngbb-rg-r04k",
            "reverse_fqdn": "",
            "sku": "Standard",
            "tags": null,
            "timeouts": null,
            "zones": null
          },
          "private": "eyJlMmJmYjczMC1lY2FhLTExZTYtOGY4OC0zNDM2M2JjN2M0YzAiOnsiY3JlYXRlIjoxODAwMDAwMDAwMDAwLCJkZWxldGUiOjE4MDAwMDAwMDAwMDAsInJlYWQiOjMwMDAwMDAwMDAwMCwidXBkYXRlIjoxODAwMDAwMDAwMDAwfX0=",
          "dependencies": [
            "azurerm_resource_group.aks",
            "random_string.prefix",
            "random_string.suffix"
          ]
        }
      ]
    },
    {
      "mode": "managed",
      "type": "azurerm_resource_group",
      "name": "aks",
      "provider": "provider[\"registry.terraform.io/hashicorp/azurerm\"]",
      "instances": [
        {
          "schema_version": 0,
          "attributes": {
            "id": "/subscriptions/40545cc3-81f4-42c9-953d-67534438918e/resourceGroups/cngbb-rg-r04k",
            "location": "eastus",
            "name": "cngbb-rg-r04k",
            "tags": null,
            "timeouts": null
          },
          "private": "eyJlMmJmYjczMC1lY2FhLTExZTYtOGY4OC0zNDM2M2JjN2M0YzAiOnsiY3JlYXRlIjo1NDAwMDAwMDAwMDAwLCJkZWxldGUiOjU0MDAwMDAwMDAwMDAsInJlYWQiOjMwMDAwMDAwMDAwMCwidXBkYXRlIjo1NDAwMDAwMDAwMDAwfX0=",
          "dependencies": [
            "random_string.suffix"
          ]
        }
      ]
    },
    {
      "mode": "managed",
      "type": "azurerm_route",
      "name": "default",
      "provider": "provider[\"registry.terraform.io/hashicorp/azurerm\"]",
      "instances": [
        {
          "schema_version": 0,
          "attributes": {
            "address_prefix": "0.0.0.0/0",
            "id": "/subscriptions/40545cc3-81f4-42c9-953d-67534438918e/resourceGroups/cngbb-rg-r04k/providers/Microsoft.Network/routeTables/cngbbaksRouteTabler04k/routes/defaultRoute",
            "name": "defaultRoute",
            "next_hop_in_ip_address": "10.0.0.4",
            "next_hop_type": "VirtualAppliance",
            "resource_group_name": "cngbb-rg-r04k",
            "route_table_name": "cngbbaksRouteTabler04k",
            "timeouts": null
          },
          "private": "eyJlMmJmYjczMC1lY2FhLTExZTYtOGY4OC0zNDM2M2JjN2M0YzAiOnsiY3JlYXRlIjoxODAwMDAwMDAwMDAwLCJkZWxldGUiOjE4MDAwMDAwMDAwMDAsInJlYWQiOjMwMDAwMDAwMDAwMCwidXBkYXRlIjoxODAwMDAwMDAwMDAwfX0=",
          "dependencies": [
            "azurerm_firewall.aks",
            "azurerm_public_ip.firewall",
            "azurerm_resource_group.aks",
            "azurerm_route_table.aks",
            "azurerm_subnet.firewall",
            "azurerm_virtual_network.aks",
            "random_string.prefix",
            "random_string.suffix"
          ]
        }
      ]
    },
    {
      "mode": "managed",
      "type": "azurerm_route_table",
      "name": "aks",
      "provider": "provider[\"registry.terraform.io/hashicorp/azurerm\"]",
      "instances": [
        {
          "schema_version": 0,
          "attributes": {
            "disable_bgp_route_propagation": false,
            "id": "/subscriptions/40545cc3-81f4-42c9-953d-67534438918e/resourceGroups/cngbb-rg-r04k/providers/Microsoft.Network/routeTables/cngbbaksRouteTabler04k",
            "location": "eastus",
            "name": "cngbbaksRouteTabler04k",
            "resource_group_name": "cngbb-rg-r04k",
            "route": [],
            "subnets": [],
            "tags": {
              "environment": "default"
            },
            "timeouts": null
          },
          "private": "eyJlMmJmYjczMC1lY2FhLTExZTYtOGY4OC0zNDM2M2JjN2M0YzAiOnsiY3JlYXRlIjoxODAwMDAwMDAwMDAwLCJkZWxldGUiOjE4MDAwMDAwMDAwMDAsInJlYWQiOjMwMDAwMDAwMDAwMCwidXBkYXRlIjoxODAwMDAwMDAwMDAwfX0=",
          "dependencies": [
            "azurerm_resource_group.aks",
            "random_string.prefix",
            "random_string.suffix"
          ]
        }
      ]
    },
    {
      "mode": "managed",
      "type": "azurerm_subnet",
      "name": "acr",
      "provider": "provider[\"registry.terraform.io/hashicorp/azurerm\"]",
      "instances": [
        {
          "schema_version": 0,
          "attributes": {
            "address_prefix": "10.0.0.64/26",
            "address_prefixes": [
              "10.0.0.64/26"
            ],
            "delegation": [],
            "enforce_private_link_endpoint_network_policies": true,
            "enforce_private_link_service_network_policies": false,
            "id": "/subscriptions/40545cc3-81f4-42c9-953d-67534438918e/resourceGroups/cngbb-rg-r04k/providers/Microsoft.Network/virtualNetworks/AksDemoVnetr04k/subnets/ACRSubnet",
            "name": "ACRSubnet",
            "resource_group_name": "cngbb-rg-r04k",
            "service_endpoints": [
              "Microsoft.ContainerRegistry"
            ],
            "timeouts": null,
            "virtual_network_name": "AksDemoVnetr04k"
          },
          "private": "eyJlMmJmYjczMC1lY2FhLTExZTYtOGY4OC0zNDM2M2JjN2M0YzAiOnsiY3JlYXRlIjoxODAwMDAwMDAwMDAwLCJkZWxldGUiOjE4MDAwMDAwMDAwMDAsInJlYWQiOjMwMDAwMDAwMDAwMCwidXBkYXRlIjoxODAwMDAwMDAwMDAwfX0=",
          "dependencies": [
            "azurerm_resource_group.aks",
            "azurerm_virtual_network.aks",
            "random_string.suffix"
          ]
        }
      ]
    },
    {
      "mode": "managed",
      "type": "azurerm_subnet",
      "name": "aks",
      "provider": "provider[\"registry.terraform.io/hashicorp/azurerm\"]",
      "instances": [
        {
          "schema_version": 0,
          "attributes": {
            "address_prefix": "10.0.16.0/22",
            "address_prefixes": [
              "10.0.16.0/22"
            ],
            "delegation": [],
            "enforce_private_link_endpoint_network_policies": false,
            "enforce_private_link_service_network_policies": false,
            "id": "/subscriptions/40545cc3-81f4-42c9-953d-67534438918e/resourceGroups/cngbb-rg-r04k/providers/Microsoft.Network/virtualNetworks/AksDemoVnetr04k/subnets/AKSSubnet",
            "name": "AKSSubnet",
            "resource_group_name": "cngbb-rg-r04k",
            "service_endpoints": null,
            "timeouts": null,
            "virtual_network_name": "AksDemoVnetr04k"
          },
          "private": "eyJlMmJmYjczMC1lY2FhLTExZTYtOGY4OC0zNDM2M2JjN2M0YzAiOnsiY3JlYXRlIjoxODAwMDAwMDAwMDAwLCJkZWxldGUiOjE4MDAwMDAwMDAwMDAsInJlYWQiOjMwMDAwMDAwMDAwMCwidXBkYXRlIjoxODAwMDAwMDAwMDAwfX0=",
          "dependencies": [
            "azurerm_resource_group.aks",
            "azurerm_virtual_network.aks",
            "random_string.suffix"
          ]
        }
      ]
    },
    {
      "mode": "managed",
      "type": "azurerm_subnet",
      "name": "firewall",
      "provider": "provider[\"registry.terraform.io/hashicorp/azurerm\"]",
      "instances": [
        {
          "schema_version": 0,
          "attributes": {
            "address_prefix": "10.0.0.0/26",
            "address_prefixes": [
              "10.0.0.0/26"
            ],
            "delegation": [],
            "enforce_private_link_endpoint_network_policies": false,
            "enforce_private_link_service_network_policies": false,
            "id": "/subscriptions/40545cc3-81f4-42c9-953d-67534438918e/resourceGroups/cngbb-rg-r04k/providers/Microsoft.Network/virtualNetworks/AksDemoVnetr04k/subnets/AzureFirewallSubnet",
            "name": "AzureFirewallSubnet",
            "resource_group_name": "cngbb-rg-r04k",
            "service_endpoints": null,
            "timeouts": null,
            "virtual_network_name": "AksDemoVnetr04k"
          },
          "private": "eyJlMmJmYjczMC1lY2FhLTExZTYtOGY4OC0zNDM2M2JjN2M0YzAiOnsiY3JlYXRlIjoxODAwMDAwMDAwMDAwLCJkZWxldGUiOjE4MDAwMDAwMDAwMDAsInJlYWQiOjMwMDAwMDAwMDAwMCwidXBkYXRlIjoxODAwMDAwMDAwMDAwfX0=",
          "dependencies": [
            "azurerm_resource_group.aks",
            "azurerm_virtual_network.aks",
            "random_string.suffix"
          ]
        }
      ]
    },
    {
      "mode": "managed",
      "type": "azurerm_subnet_route_table_association",
      "name": "example",
      "provider": "provider[\"registry.terraform.io/hashicorp/azurerm\"]",
      "instances": [
        {
          "schema_version": 0,
          "attributes": {
            "id": "/subscriptions/40545cc3-81f4-42c9-953d-67534438918e/resourceGroups/cngbb-rg-r04k/providers/Microsoft.Network/virtualNetworks/AksDemoVnetr04k/subnets/AKSSubnet",
            "route_table_id": "/subscriptions/40545cc3-81f4-42c9-953d-67534438918e/resourceGroups/cngbb-rg-r04k/providers/Microsoft.Network/routeTables/cngbbaksRouteTabler04k",
            "subnet_id": "/subscriptions/40545cc3-81f4-42c9-953d-67534438918e/resourceGroups/cngbb-rg-r04k/providers/Microsoft.Network/virtualNetworks/AksDemoVnetr04k/subnets/AKSSubnet",
            "timeouts": null
          },
          "private": "eyJlMmJmYjczMC1lY2FhLTExZTYtOGY4OC0zNDM2M2JjN2M0YzAiOnsiY3JlYXRlIjoxODAwMDAwMDAwMDAwLCJkZWxldGUiOjE4MDAwMDAwMDAwMDAsInJlYWQiOjMwMDAwMDAwMDAwMCwidXBkYXRlIjoxODAwMDAwMDAwMDAwfX0=",
          "dependencies": [
            "azurerm_resource_group.aks",
            "azurerm_route_table.aks",
            "azurerm_subnet.aks",
            "azurerm_virtual_network.aks",
            "random_string.prefix",
            "random_string.suffix"
          ]
        }
      ]
    },
    {
      "mode": "managed",
      "type": "azurerm_virtual_network",
      "name": "aks",
      "provider": "provider[\"registry.terraform.io/hashicorp/azurerm\"]",
      "instances": [
        {
          "schema_version": 0,
          "attributes": {
            "address_space": [
              "10.0.0.0/16"
            ],
            "ddos_protection_plan": [],
            "dns_servers": null,
            "guid": "48f4a7c9-96cf-46e6-81be-d624ed2cd05a",
            "id": "/subscriptions/40545cc3-81f4-42c9-953d-67534438918e/resourceGroups/cngbb-rg-r04k/providers/Microsoft.Network/virtualNetworks/AksDemoVnetr04k",
            "location": "eastus",
            "name": "AksDemoVnetr04k",
            "resource_group_name": "cngbb-rg-r04k",
            "subnet": [],
            "tags": {
              "environment": "default"
            },
            "timeouts": null
          },
          "private": "eyJlMmJmYjczMC1lY2FhLTExZTYtOGY4OC0zNDM2M2JjN2M0YzAiOnsiY3JlYXRlIjoxODAwMDAwMDAwMDAwLCJkZWxldGUiOjE4MDAwMDAwMDAwMDAsInJlYWQiOjMwMDAwMDAwMDAwMCwidXBkYXRlIjoxODAwMDAwMDAwMDAwfX0=",
          "dependencies": [
            "azurerm_resource_group.aks",
            "random_string.suffix"
          ]
        }
      ]
    },
    {
      "mode": "managed",
      "type": "random_string",
      "name": "prefix",
      "provider": "provider[\"registry.terraform.io/hashicorp/random\"]",
      "instances": [
        {
          "schema_version": 1,
          "attributes": {
            "id": "ufge",
            "keepers": null,
            "length": 4,
            "lower": true,
            "min_lower": 0,
            "min_numeric": 0,
            "min_special": 0,
            "min_upper": 0,
            "number": false,
            "override_special": null,
            "result": "ufge",
            "special": false,
            "upper": false
          },
          "private": "eyJzY2hlbWFfdmVyc2lvbiI6IjEifQ=="
        }
      ]
    },
    {
      "mode": "managed",
      "type": "random_string",
      "name": "suffix",
      "provider": "provider[\"registry.terraform.io/hashicorp/random\"]",
      "instances": [
        {
          "schema_version": 1,
          "attributes": {
            "id": "r04k",
            "keepers": null,
            "length": 4,
            "lower": true,
            "min_lower": 0,
            "min_numeric": 0,
            "min_special": 0,
            "min_upper": 0,
            "number": true,
            "override_special": null,
            "result": "r04k",
            "special": false,
            "upper": false
          },
          "private": "eyJzY2hlbWFfdmVyc2lvbiI6IjEifQ=="
        }
      ]
    }
  ]
}
